
Microsoft Visual Studio Solution File, Format Version 12.00
# Visual Studio Version 16
VisualStudioVersion = 16.0.29728.190
MinimumVisualStudioVersion = 10.0.40219.1
Project("{8BC9CEB8-8B4A-11D0-8D11-00A0C91BC942}") = "DeSimGrav", "DeSimGrav.vcxproj", "{61B43354-2707-420D-97D7-8CA73CF4B577}"
EndProject
Global
	GlobalSection(SolutionConfigurationPlatforms) = preSolution
		Debug|x64 = Debug|x64
		Debug|x86 = Debug|x86
		Release|x64 = Release|x64
		Release|x86 = Release|x86
	EndGlobalSection
	GlobalSection(ProjectConfigurationPlatforms) = postSolution
		{61B43354-2707-420D-97D7-8CA73CF4B577}.Debug|x64.ActiveCfg = Debug|x64
		{61B43354-2707-420D-97D7-8CA73CF4B577}.Debug|x64.Build.0 = Debug|x64
		{61B43354-2707-420D-97D7-8CA73CF4B577}.Debug|x86.ActiveCfg = Debug|Win32
		{61B43354-2707-420D-97D7-8CA73CF4B577}.Debug|x86.Build.0 = Debug|Win32
		{61B43354-2707-420D-97D7-8CA73CF4B577}.Release|x64.ActiveCfg = Release|x64
		{61B43354-2707-420D-97D7-8CA73CF4B577}.Release|x64.Build.0 = Release|x64
		{61B43354-2707-420D-97D7-8CA73CF4B577}.Release|x86.ActiveCfg = Release|Win32
		{61B43354-2707-420D-97D7-8CA73CF4B577}.Release|x86.Build.0 = Release|Win32
	EndGlobalSection
	GlobalSection(SolutionProperties) = preSolution
		HideSolutionNode = FALSE
	EndGlobalSection
	GlobalSection(ExtensibilityGlobals) = postSolution
		SolutionGuid = {2ADC4AED-F2EC-458B-BCE7-A62AA921024C}
	EndGlobalSection
EndGlobal
